<Solution>
  <Folder Name="/Aspire/">
    <Project Path="src/AnimeFeedManager.AspireHost/AnimeFeedManager.AspireHost.csproj" />
    <Project Path="src/AnimeFeedManager.ServiceDefaults/AnimeFeedManager.ServiceDefaults.csproj" />
  </Folder>
  <Folder Name="/Backend/">
    <Project Path="tests/AnimeFeedManager.Features.Tests/AnimeFeedManager.Features.Tests.csproj" />
    <Project Path="tests/AnimeFeedManager.Shared.Tests/AnimeFeedManager.Shared.Tests.csproj" />
    <Project Path="tests/AnimeFeedManager.Services.Shared.Tests/AnimeFeedManager.Services.Shared.Tests.csproj" />
    <Project Path="src/AnimeFeedManager.Features/AnimeFeedManager.Features.csproj" />
    <Project Path="src/AnimeFeedManager.Functions/AnimeFeedManager.Functions.csproj" />
    <Project Path="src/AnimeFeedManager.Services.Shared/AnimeFeedManager.Services.Shared.csproj" />
    <Project Path="src/AnimeFeedManager.Shared/AnimeFeedManager.Shared.csproj" />
    <Project Path="src/AnimeFeedManager.SourceGenerators/AnimeFeedManager.SourceGenerators.csproj" />
  </Folder>
  <Folder Name="/FrontEnd/">
    <Project Path="src/AnimeFeedManager.Web.BlazorComponents/AnimeFeedManager.Web.BlazorComponents.csproj" />
    <Project Path="src/AnimeFeedManager.Web/AnimeFeedManager.Web.csproj" />
  </Folder>

  <Folder Name="/SolutionItems/">
    <File Path="README.md" />
    <File Path="Directory.Build.props" />
    <File Path="Directory.Packages.props" />
  </Folder>
  <Folder Name="/Utils/">
    <File Path="utils\BackfillNotificationSeason.cs" />
  </Folder>
</Solution>
