
Microsoft Visual Studio Solution File, Format Version 12.00
# Visual Studio 15
VisualStudioVersion = 15.0.26124.0
MinimumVisualStudioVersion = 15.0.26124.0
Project("{F2A71F9B-5D33-465A-A702-920D77279786}") = "ScrapperConsole", "ScrapperConsole\ScrapperConsole.fsproj", "{303DDC09-6B27-4DEF-B0AB-7A9D38AFE385}"
EndProject
Project("{F2A71F9B-5D33-465A-A702-920D77279786}") = "Scrappers", "Scrappers\Scrappers.fsproj", "{A4786891-8C15-43DB-859A-1FE1A83E12FC}"
EndProject
Global
	GlobalSection(SolutionConfigurationPlatforms) = preSolution
		Debug|Any CPU = Debug|Any CPU
		Debug|x64 = Debug|x64
		Debug|x86 = Debug|x86
		Release|Any CPU = Release|Any CPU
		Release|x64 = Release|x64
		Release|x86 = Release|x86
	EndGlobalSection
	GlobalSection(SolutionProperties) = preSolution
		HideSolutionNode = FALSE
	EndGlobalSection
	GlobalSection(ProjectConfigurationPlatforms) = postSolution
		{303DDC09-6B27-4DEF-B0AB-7A9D38AFE385}.Debug|Any CPU.ActiveCfg = Debug|Any CPU
		{303DDC09-6B27-4DEF-B0AB-7A9D38AFE385}.Debug|Any CPU.Build.0 = Debug|Any CPU
		{303DDC09-6B27-4DEF-B0AB-7A9D38AFE385}.Debug|x64.ActiveCfg = Debug|Any CPU
		{303DDC09-6B27-4DEF-B0AB-7A9D38AFE385}.Debug|x64.Build.0 = Debug|Any CPU
		{303DDC09-6B27-4DEF-B0AB-7A9D38AFE385}.Debug|x86.ActiveCfg = Debug|Any CPU
		{303DDC09-6B27-4DEF-B0AB-7A9D38AFE385}.Debug|x86.Build.0 = Debug|Any CPU
		{303DDC09-6B27-4DEF-B0AB-7A9D38AFE385}.Release|Any CPU.ActiveCfg = Release|Any CPU
		{303DDC09-6B27-4DEF-B0AB-7A9D38AFE385}.Release|Any CPU.Build.0 = Release|Any CPU
		{303DDC09-6B27-4DEF-B0AB-7A9D38AFE385}.Release|x64.ActiveCfg = Release|Any CPU
		{303DDC09-6B27-4DEF-B0AB-7A9D38AFE385}.Release|x64.Build.0 = Release|Any CPU
		{303DDC09-6B27-4DEF-B0AB-7A9D38AFE385}.Release|x86.ActiveCfg = Release|Any CPU
		{303DDC09-6B27-4DEF-B0AB-7A9D38AFE385}.Release|x86.Build.0 = Release|Any CPU
		{A4786891-8C15-43DB-859A-1FE1A83E12FC}.Debug|Any CPU.ActiveCfg = Debug|Any CPU
		{A4786891-8C15-43DB-859A-1FE1A83E12FC}.Debug|Any CPU.Build.0 = Debug|Any CPU
		{A4786891-8C15-43DB-859A-1FE1A83E12FC}.Debug|x64.ActiveCfg = Debug|Any CPU
		{A4786891-8C15-43DB-859A-1FE1A83E12FC}.Debug|x64.Build.0 = Debug|Any CPU
		{A4786891-8C15-43DB-859A-1FE1A83E12FC}.Debug|x86.ActiveCfg = Debug|Any CPU
		{A4786891-8C15-43DB-859A-1FE1A83E12FC}.Debug|x86.Build.0 = Debug|Any CPU
		{A4786891-8C15-43DB-859A-1FE1A83E12FC}.Release|Any CPU.ActiveCfg = Release|Any CPU
		{A4786891-8C15-43DB-859A-1FE1A83E12FC}.Release|Any CPU.Build.0 = Release|Any CPU
		{A4786891-8C15-43DB-859A-1FE1A83E12FC}.Release|x64.ActiveCfg = Release|Any CPU
		{A4786891-8C15-43DB-859A-1FE1A83E12FC}.Release|x64.Build.0 = Release|Any CPU
		{A4786891-8C15-43DB-859A-1FE1A83E12FC}.Release|x86.ActiveCfg = Release|Any CPU
		{A4786891-8C15-43DB-859A-1FE1A83E12FC}.Release|x86.Build.0 = Release|Any CPU
	EndGlobalSection
EndGlobal
