
Microsoft Visual Studio Solution File, Format Version 12.00
# Visual Studio Version 17
VisualStudioVersion = 17.2.32602.215
MinimumVisualStudioVersion = 10.0.40219.1
Project("{9A19103F-16F7-4668-BE54-9A1E7A4F7556}") = "AnimeFeedManager.Services", "AnimeFeedManager.Services\AnimeFeedManager.Services.csproj", "{C1D132D4-AC7B-4B45-8DA5-8F6F67D79B12}"
EndProject
Project("{9A19103F-16F7-4668-BE54-9A1E7A4F7556}") = "AnimeFeedManager.Functions", "AnimeFeedManager.Functions\AnimeFeedManager.Functions.csproj", "{0900AC25-B01E-448D-BA15-20AF1741ED5B}"
EndProject
Project("{9A19103F-16F7-4668-BE54-9A1E7A4F7556}") = "AnimeFeedManager.Application.Test", "AnimeFeedManager.Application.Test\AnimeFeedManager.Application.Test.csproj", "{C482DEFC-D6D3-4807-AC06-EF75B424398F}"
EndProject
Project("{9A19103F-16F7-4668-BE54-9A1E7A4F7556}") = "AnimeFeedManager.DI", "AnimeFeedManager.DI\AnimeFeedManager.DI.csproj", "{4E725CCD-2F22-48A3-AE60-8FA470D055B7}"
EndProject
Project("{9A19103F-16F7-4668-BE54-9A1E7A4F7556}") = "AnimeFeedManager.Application", "AnimeFeedManager.Application\AnimeFeedManager.Application.csproj", "{2F59829D-7C00-4BD5-A12E-7B5C1C6BF5E8}"
EndProject
Project("{9A19103F-16F7-4668-BE54-9A1E7A4F7556}") = "AnimeFeedManager.Core", "AnimeFeedManager.Core\AnimeFeedManager.Core.csproj", "{295D5394-E86C-4BEF-A1E8-EFFB1CF3AF06}"
EndProject
Project("{9A19103F-16F7-4668-BE54-9A1E7A4F7556}") = "AnimeFeedManager.Storage", "AnimeFeedManager.Storage\AnimeFeedManager.Storage.csproj", "{379F782C-D854-4595-8D60-299E197AE715}"
EndProject
Project("{9A19103F-16F7-4668-BE54-9A1E7A4F7556}") = "AnimeFeedManager.Common", "AnimeFeedManager.Common\AnimeFeedManager.Common.csproj", "{6AD05C59-6F16-472C-AB77-D2FCB24ADFA0}"
EndProject
Project("{E53339B2-1760-4266-BCC7-CA923CBCF16C}") = "docker-compose", "docker-compose.dcproj", "{18C3647A-3B1D-490D-8A46-F8B29A408558}"
EndProject
Project("{9A19103F-16F7-4668-BE54-9A1E7A4F7556}") = "AnimeFeedManager.WebApp", "AnimeFeedManager.WebApp\AnimeFeedManager.WebApp.csproj", "{2DB0E578-C9E8-4845-98E3-DFAD1362944D}"
EndProject
Project("{2150E333-8FDC-42A3-9474-1A3956D46DE8}") = "Client", "Client", "{30A1FBA3-75BF-4B00-9614-90A975B6AF2E}"
EndProject
Project("{2150E333-8FDC-42A3-9474-1A3956D46DE8}") = "Backend", "Backend", "{B4E29E23-9A32-4C0C-B717-976EE38FECC3}"
EndProject
Project("{9A19103F-16F7-4668-BE54-9A1E7A4F7556}") = "AnimeFeedManager.WebApp.Tests", "AnimeFeedManager.WebApp.Tests\AnimeFeedManager.WebApp.Tests.csproj", "{7F53CF70-0A21-44AC-92B8-1B39817612C5}"
EndProject
Global
	GlobalSection(SolutionConfigurationPlatforms) = preSolution
		Debug|Any CPU = Debug|Any CPU
		Release|Any CPU = Release|Any CPU
	EndGlobalSection
	GlobalSection(ProjectConfigurationPlatforms) = postSolution
		{C1D132D4-AC7B-4B45-8DA5-8F6F67D79B12}.Debug|Any CPU.ActiveCfg = Debug|Any CPU
		{C1D132D4-AC7B-4B45-8DA5-8F6F67D79B12}.Debug|Any CPU.Build.0 = Debug|Any CPU
		{C1D132D4-AC7B-4B45-8DA5-8F6F67D79B12}.Release|Any CPU.ActiveCfg = Release|Any CPU
		{C1D132D4-AC7B-4B45-8DA5-8F6F67D79B12}.Release|Any CPU.Build.0 = Release|Any CPU
		{0900AC25-B01E-448D-BA15-20AF1741ED5B}.Debug|Any CPU.ActiveCfg = Debug|Any CPU
		{0900AC25-B01E-448D-BA15-20AF1741ED5B}.Debug|Any CPU.Build.0 = Debug|Any CPU
		{0900AC25-B01E-448D-BA15-20AF1741ED5B}.Release|Any CPU.ActiveCfg = Release|Any CPU
		{0900AC25-B01E-448D-BA15-20AF1741ED5B}.Release|Any CPU.Build.0 = Release|Any CPU
		{C482DEFC-D6D3-4807-AC06-EF75B424398F}.Debug|Any CPU.ActiveCfg = Debug|Any CPU
		{C482DEFC-D6D3-4807-AC06-EF75B424398F}.Debug|Any CPU.Build.0 = Debug|Any CPU
		{C482DEFC-D6D3-4807-AC06-EF75B424398F}.Release|Any CPU.ActiveCfg = Release|Any CPU
		{C482DEFC-D6D3-4807-AC06-EF75B424398F}.Release|Any CPU.Build.0 = Release|Any CPU
		{4E725CCD-2F22-48A3-AE60-8FA470D055B7}.Debug|Any CPU.ActiveCfg = Debug|Any CPU
		{4E725CCD-2F22-48A3-AE60-8FA470D055B7}.Debug|Any CPU.Build.0 = Debug|Any CPU
		{4E725CCD-2F22-48A3-AE60-8FA470D055B7}.Release|Any CPU.ActiveCfg = Release|Any CPU
		{4E725CCD-2F22-48A3-AE60-8FA470D055B7}.Release|Any CPU.Build.0 = Release|Any CPU
		{2F59829D-7C00-4BD5-A12E-7B5C1C6BF5E8}.Debug|Any CPU.ActiveCfg = Debug|Any CPU
		{2F59829D-7C00-4BD5-A12E-7B5C1C6BF5E8}.Debug|Any CPU.Build.0 = Debug|Any CPU
		{2F59829D-7C00-4BD5-A12E-7B5C1C6BF5E8}.Release|Any CPU.ActiveCfg = Release|Any CPU
		{2F59829D-7C00-4BD5-A12E-7B5C1C6BF5E8}.Release|Any CPU.Build.0 = Release|Any CPU
		{295D5394-E86C-4BEF-A1E8-EFFB1CF3AF06}.Debug|Any CPU.ActiveCfg = Debug|Any CPU
		{295D5394-E86C-4BEF-A1E8-EFFB1CF3AF06}.Debug|Any CPU.Build.0 = Debug|Any CPU
		{295D5394-E86C-4BEF-A1E8-EFFB1CF3AF06}.Release|Any CPU.ActiveCfg = Release|Any CPU
		{295D5394-E86C-4BEF-A1E8-EFFB1CF3AF06}.Release|Any CPU.Build.0 = Release|Any CPU
		{379F782C-D854-4595-8D60-299E197AE715}.Debug|Any CPU.ActiveCfg = Debug|Any CPU
		{379F782C-D854-4595-8D60-299E197AE715}.Debug|Any CPU.Build.0 = Debug|Any CPU
		{379F782C-D854-4595-8D60-299E197AE715}.Release|Any CPU.ActiveCfg = Release|Any CPU
		{379F782C-D854-4595-8D60-299E197AE715}.Release|Any CPU.Build.0 = Release|Any CPU
		{6AD05C59-6F16-472C-AB77-D2FCB24ADFA0}.Debug|Any CPU.ActiveCfg = Debug|Any CPU
		{6AD05C59-6F16-472C-AB77-D2FCB24ADFA0}.Debug|Any CPU.Build.0 = Debug|Any CPU
		{6AD05C59-6F16-472C-AB77-D2FCB24ADFA0}.Release|Any CPU.ActiveCfg = Release|Any CPU
		{6AD05C59-6F16-472C-AB77-D2FCB24ADFA0}.Release|Any CPU.Build.0 = Release|Any CPU
		{18C3647A-3B1D-490D-8A46-F8B29A408558}.Debug|Any CPU.ActiveCfg = Debug|Any CPU
		{18C3647A-3B1D-490D-8A46-F8B29A408558}.Debug|Any CPU.Build.0 = Debug|Any CPU
		{18C3647A-3B1D-490D-8A46-F8B29A408558}.Release|Any CPU.ActiveCfg = Release|Any CPU
		{18C3647A-3B1D-490D-8A46-F8B29A408558}.Release|Any CPU.Build.0 = Release|Any CPU
		{2DB0E578-C9E8-4845-98E3-DFAD1362944D}.Debug|Any CPU.ActiveCfg = Debug|Any CPU
		{2DB0E578-C9E8-4845-98E3-DFAD1362944D}.Debug|Any CPU.Build.0 = Debug|Any CPU
		{2DB0E578-C9E8-4845-98E3-DFAD1362944D}.Release|Any CPU.ActiveCfg = Release|Any CPU
		{2DB0E578-C9E8-4845-98E3-DFAD1362944D}.Release|Any CPU.Build.0 = Release|Any CPU
		{7F53CF70-0A21-44AC-92B8-1B39817612C5}.Debug|Any CPU.ActiveCfg = Debug|Any CPU
		{7F53CF70-0A21-44AC-92B8-1B39817612C5}.Debug|Any CPU.Build.0 = Debug|Any CPU
		{7F53CF70-0A21-44AC-92B8-1B39817612C5}.Release|Any CPU.ActiveCfg = Release|Any CPU
		{7F53CF70-0A21-44AC-92B8-1B39817612C5}.Release|Any CPU.Build.0 = Release|Any CPU
	EndGlobalSection
	GlobalSection(SolutionProperties) = preSolution
		HideSolutionNode = FALSE
	EndGlobalSection
	GlobalSection(NestedProjects) = preSolution
		{C1D132D4-AC7B-4B45-8DA5-8F6F67D79B12} = {B4E29E23-9A32-4C0C-B717-976EE38FECC3}
		{0900AC25-B01E-448D-BA15-20AF1741ED5B} = {B4E29E23-9A32-4C0C-B717-976EE38FECC3}
		{C482DEFC-D6D3-4807-AC06-EF75B424398F} = {B4E29E23-9A32-4C0C-B717-976EE38FECC3}
		{4E725CCD-2F22-48A3-AE60-8FA470D055B7} = {B4E29E23-9A32-4C0C-B717-976EE38FECC3}
		{2F59829D-7C00-4BD5-A12E-7B5C1C6BF5E8} = {B4E29E23-9A32-4C0C-B717-976EE38FECC3}
		{379F782C-D854-4595-8D60-299E197AE715} = {B4E29E23-9A32-4C0C-B717-976EE38FECC3}
		{2DB0E578-C9E8-4845-98E3-DFAD1362944D} = {30A1FBA3-75BF-4B00-9614-90A975B6AF2E}
		{7F53CF70-0A21-44AC-92B8-1B39817612C5} = {30A1FBA3-75BF-4B00-9614-90A975B6AF2E}
	EndGlobalSection
	GlobalSection(ExtensibilityGlobals) = postSolution
		SolutionGuid = {628063C2-8D1C-46C8-A506-8760464EB763}
	EndGlobalSection
EndGlobal
