
Microsoft Visual Studio Solution File, Format Version 12.00
# Visual Studio Version 17
VisualStudioVersion = 17.2.32602.215
MinimumVisualStudioVersion = 10.0.40219.1
Project("{E53339B2-1760-4266-BCC7-CA923CBCF16C}") = "docker-compose", "docker-compose.dcproj", "{18C3647A-3B1D-490D-8A46-F8B29A408558}"
EndProject
Project("{9A19103F-16F7-4668-BE54-9A1E7A4F7556}") = "AnimeFeedManager.WebApp", "AnimeFeedManager.WebApp\AnimeFeedManager.WebApp.csproj", "{2DB0E578-C9E8-4845-98E3-DFAD1362944D}"
EndProject
Project("{2150E333-8FDC-42A3-9474-1A3956D46DE8}") = "Client", "Client", "{30A1FBA3-75BF-4B00-9614-90A975B6AF2E}"
EndProject
Project("{9A19103F-16F7-4668-BE54-9A1E7A4F7556}") = "AnimeFeedManager.WebApp.Tests", "AnimeFeedManager.WebApp.Tests\AnimeFeedManager.WebApp.Tests.csproj", "{7F53CF70-0A21-44AC-92B8-1B39817612C5}"
EndProject
Project("{FAE04EC0-301F-11D3-BF4B-00C04F79EFBC}") = "AnimeFeedManager.WebApp.Authentication", "AnimeFeedManager.WebApp.Authentication\AnimeFeedManager.WebApp.Authentication.csproj", "{5813A94D-2F9E-4867-A019-8F0485723904}"
EndProject
Project("{FAE04EC0-301F-11D3-BF4B-00C04F79EFBC}") = "AnimeFeedManager.Features", "AnimeFeedManager.Features\AnimeFeedManager.Features.csproj", "{C45FDC33-7E71-46A6-96B7-E949B01AD73E}"
EndProject
Project("{FAE04EC0-301F-11D3-BF4B-00C04F79EFBC}") = "AnimeFeedManager.Functions", "AnimeFeedManager.Functions\AnimeFeedManager.Functions.csproj", "{01635DED-9DD8-4763-A447-727319B2CF36}"
EndProject
Project("{2150E333-8FDC-42A3-9474-1A3956D46DE8}") = "Backend", "Backend", "{71417D4D-4455-47E2-874A-B3B835AF46CA}"
EndProject
Project("{FAE04EC0-301F-11D3-BF4B-00C04F79EFBC}") = "AnimeFeedManager.Features.Tests", "AnimeFeedManager.Features.Tests\AnimeFeedManager.Features.Tests.csproj", "{7FAAF47E-037F-4B0C-8600-0AD6B3DC77D9}"
EndProject
Project("{FAE04EC0-301F-11D3-BF4B-00C04F79EFBC}") = "AnimeFeedManager.Features.Common", "AnimeFeedManager.Features.Common\AnimeFeedManager.Features.Common.csproj", "{9B66E1B2-7416-4858-B68A-6763A4C64279}"
EndProject
Global
	GlobalSection(SolutionConfigurationPlatforms) = preSolution
		Debug|Any CPU = Debug|Any CPU
		Release|Any CPU = Release|Any CPU
	EndGlobalSection
	GlobalSection(ProjectConfigurationPlatforms) = postSolution
		{18C3647A-3B1D-490D-8A46-F8B29A408558}.Debug|Any CPU.ActiveCfg = Debug|Any CPU
		{18C3647A-3B1D-490D-8A46-F8B29A408558}.Debug|Any CPU.Build.0 = Debug|Any CPU
		{18C3647A-3B1D-490D-8A46-F8B29A408558}.Release|Any CPU.ActiveCfg = Release|Any CPU
		{18C3647A-3B1D-490D-8A46-F8B29A408558}.Release|Any CPU.Build.0 = Release|Any CPU
		{2DB0E578-C9E8-4845-98E3-DFAD1362944D}.Debug|Any CPU.ActiveCfg = Debug|Any CPU
		{2DB0E578-C9E8-4845-98E3-DFAD1362944D}.Debug|Any CPU.Build.0 = Debug|Any CPU
		{2DB0E578-C9E8-4845-98E3-DFAD1362944D}.Release|Any CPU.ActiveCfg = Release|Any CPU
		{2DB0E578-C9E8-4845-98E3-DFAD1362944D}.Release|Any CPU.Build.0 = Release|Any CPU
		{7F53CF70-0A21-44AC-92B8-1B39817612C5}.Debug|Any CPU.ActiveCfg = Debug|Any CPU
		{7F53CF70-0A21-44AC-92B8-1B39817612C5}.Debug|Any CPU.Build.0 = Debug|Any CPU
		{7F53CF70-0A21-44AC-92B8-1B39817612C5}.Release|Any CPU.ActiveCfg = Release|Any CPU
		{7F53CF70-0A21-44AC-92B8-1B39817612C5}.Release|Any CPU.Build.0 = Release|Any CPU
		{5813A94D-2F9E-4867-A019-8F0485723904}.Debug|Any CPU.ActiveCfg = Debug|Any CPU
		{5813A94D-2F9E-4867-A019-8F0485723904}.Debug|Any CPU.Build.0 = Debug|Any CPU
		{5813A94D-2F9E-4867-A019-8F0485723904}.Release|Any CPU.ActiveCfg = Release|Any CPU
		{5813A94D-2F9E-4867-A019-8F0485723904}.Release|Any CPU.Build.0 = Release|Any CPU
		{C45FDC33-7E71-46A6-96B7-E949B01AD73E}.Debug|Any CPU.ActiveCfg = Debug|Any CPU
		{C45FDC33-7E71-46A6-96B7-E949B01AD73E}.Debug|Any CPU.Build.0 = Debug|Any CPU
		{C45FDC33-7E71-46A6-96B7-E949B01AD73E}.Release|Any CPU.ActiveCfg = Release|Any CPU
		{C45FDC33-7E71-46A6-96B7-E949B01AD73E}.Release|Any CPU.Build.0 = Release|Any CPU
		{01635DED-9DD8-4763-A447-727319B2CF36}.Debug|Any CPU.ActiveCfg = Debug|Any CPU
		{01635DED-9DD8-4763-A447-727319B2CF36}.Debug|Any CPU.Build.0 = Debug|Any CPU
		{01635DED-9DD8-4763-A447-727319B2CF36}.Release|Any CPU.ActiveCfg = Release|Any CPU
		{01635DED-9DD8-4763-A447-727319B2CF36}.Release|Any CPU.Build.0 = Release|Any CPU
		{7FAAF47E-037F-4B0C-8600-0AD6B3DC77D9}.Debug|Any CPU.ActiveCfg = Debug|Any CPU
		{7FAAF47E-037F-4B0C-8600-0AD6B3DC77D9}.Debug|Any CPU.Build.0 = Debug|Any CPU
		{7FAAF47E-037F-4B0C-8600-0AD6B3DC77D9}.Release|Any CPU.ActiveCfg = Release|Any CPU
		{7FAAF47E-037F-4B0C-8600-0AD6B3DC77D9}.Release|Any CPU.Build.0 = Release|Any CPU
		{9B66E1B2-7416-4858-B68A-6763A4C64279}.Debug|Any CPU.ActiveCfg = Debug|Any CPU
		{9B66E1B2-7416-4858-B68A-6763A4C64279}.Debug|Any CPU.Build.0 = Debug|Any CPU
		{9B66E1B2-7416-4858-B68A-6763A4C64279}.Release|Any CPU.ActiveCfg = Release|Any CPU
		{9B66E1B2-7416-4858-B68A-6763A4C64279}.Release|Any CPU.Build.0 = Release|Any CPU
	EndGlobalSection
	GlobalSection(SolutionProperties) = preSolution
		HideSolutionNode = FALSE
	EndGlobalSection
	GlobalSection(NestedProjects) = preSolution
		{2DB0E578-C9E8-4845-98E3-DFAD1362944D} = {30A1FBA3-75BF-4B00-9614-90A975B6AF2E}
		{7F53CF70-0A21-44AC-92B8-1B39817612C5} = {30A1FBA3-75BF-4B00-9614-90A975B6AF2E}
		{5813A94D-2F9E-4867-A019-8F0485723904} = {30A1FBA3-75BF-4B00-9614-90A975B6AF2E}
		{01635DED-9DD8-4763-A447-727319B2CF36} = {71417D4D-4455-47E2-874A-B3B835AF46CA}
		{C45FDC33-7E71-46A6-96B7-E949B01AD73E} = {71417D4D-4455-47E2-874A-B3B835AF46CA}
		{7FAAF47E-037F-4B0C-8600-0AD6B3DC77D9} = {71417D4D-4455-47E2-874A-B3B835AF46CA}
		{9B66E1B2-7416-4858-B68A-6763A4C64279} = {71417D4D-4455-47E2-874A-B3B835AF46CA}
	EndGlobalSection
	GlobalSection(ExtensibilityGlobals) = postSolution
		SolutionGuid = {628063C2-8D1C-46C8-A506-8760464EB763}
	EndGlobalSection
EndGlobal
