
Microsoft Visual Studio Solution File, Format Version 12.00
# Visual Studio Version 17
VisualStudioVersion = 17.2.32602.215
MinimumVisualStudioVersion = 10.0.40219.1
Project("{E53339B2-1760-4266-BCC7-CA923CBCF16C}") = "docker-compose", "docker-compose.dcproj", "{18C3647A-3B1D-490D-8A46-F8B29A408558}"
EndProject
Project("{9A19103F-16F7-4668-BE54-9A1E7A4F7556}") = "AnimeFeedManager.Features", "AnimeFeedManager.Features\AnimeFeedManager.Features.csproj", "{C45FDC33-7E71-46A6-96B7-E949B01AD73E}"
EndProject
Project("{9A19103F-16F7-4668-BE54-9A1E7A4F7556}") = "AnimeFeedManager.Functions", "AnimeFeedManager.Functions\AnimeFeedManager.Functions.csproj", "{01635DED-9DD8-4763-A447-727319B2CF36}"
EndProject
Project("{2150E333-8FDC-42A3-9474-1A3956D46DE8}") = "Backend", "Backend", "{71417D4D-4455-47E2-874A-B3B835AF46CA}"
EndProject
Project("{9A19103F-16F7-4668-BE54-9A1E7A4F7556}") = "AnimeFeedManager.Features.Tests", "AnimeFeedManager.Features.Tests\AnimeFeedManager.Features.Tests.csproj", "{7FAAF47E-037F-4B0C-8600-0AD6B3DC77D9}"
EndProject
Project("{9A19103F-16F7-4668-BE54-9A1E7A4F7556}") = "AnimeFeedManager.Common", "AnimeFeedManager.Common\AnimeFeedManager.Common.csproj", "{9B66E1B2-7416-4858-B68A-6763A4C64279}"
EndProject
Project("{2150E333-8FDC-42A3-9474-1A3956D46DE8}") = "Blazor", "Blazor", "{917D8146-26E4-4E77-8211-4D76A23ABA7C}"
EndProject
Project("{9A19103F-16F7-4668-BE54-9A1E7A4F7556}") = "AnimeFeedManager.Web", "AnimeFeedManager.Web\AnimeFeedManager.Web.csproj", "{04A34488-6295-4CAD-9F51-7E69F5833A95}"
EndProject
Project("{2150E333-8FDC-42A3-9474-1A3956D46DE8}") = "RealTime", "RealTime", "{5E3146B9-0A7D-4AF5-B4F0-74BB73FD64E2}"
EndProject
Project("{FAE04EC0-301F-11D3-BF4B-00C04F79EFBC}") = "AnimeFeedManager.Web.BlazorComponents", "AnimeFeedManager.Web.BlazorComponents\AnimeFeedManager.Web.BlazorComponents.csproj", "{94B50DA1-E3DA-44AA-A866-CD98956C98F7}"
EndProject
Global
	GlobalSection(SolutionConfigurationPlatforms) = preSolution
		Debug|Any CPU = Debug|Any CPU
		Release|Any CPU = Release|Any CPU
	EndGlobalSection
	GlobalSection(ProjectConfigurationPlatforms) = postSolution
		{18C3647A-3B1D-490D-8A46-F8B29A408558}.Debug|Any CPU.ActiveCfg = Debug|Any CPU
		{18C3647A-3B1D-490D-8A46-F8B29A408558}.Debug|Any CPU.Build.0 = Debug|Any CPU
		{18C3647A-3B1D-490D-8A46-F8B29A408558}.Release|Any CPU.ActiveCfg = Release|Any CPU
		{18C3647A-3B1D-490D-8A46-F8B29A408558}.Release|Any CPU.Build.0 = Release|Any CPU
		{C45FDC33-7E71-46A6-96B7-E949B01AD73E}.Debug|Any CPU.ActiveCfg = Debug|Any CPU
		{C45FDC33-7E71-46A6-96B7-E949B01AD73E}.Debug|Any CPU.Build.0 = Debug|Any CPU
		{C45FDC33-7E71-46A6-96B7-E949B01AD73E}.Release|Any CPU.ActiveCfg = Release|Any CPU
		{C45FDC33-7E71-46A6-96B7-E949B01AD73E}.Release|Any CPU.Build.0 = Release|Any CPU
		{01635DED-9DD8-4763-A447-727319B2CF36}.Debug|Any CPU.ActiveCfg = Debug|Any CPU
		{01635DED-9DD8-4763-A447-727319B2CF36}.Debug|Any CPU.Build.0 = Debug|Any CPU
		{01635DED-9DD8-4763-A447-727319B2CF36}.Release|Any CPU.ActiveCfg = Release|Any CPU
		{01635DED-9DD8-4763-A447-727319B2CF36}.Release|Any CPU.Build.0 = Release|Any CPU
		{7FAAF47E-037F-4B0C-8600-0AD6B3DC77D9}.Debug|Any CPU.ActiveCfg = Debug|Any CPU
		{7FAAF47E-037F-4B0C-8600-0AD6B3DC77D9}.Debug|Any CPU.Build.0 = Debug|Any CPU
		{7FAAF47E-037F-4B0C-8600-0AD6B3DC77D9}.Release|Any CPU.ActiveCfg = Release|Any CPU
		{7FAAF47E-037F-4B0C-8600-0AD6B3DC77D9}.Release|Any CPU.Build.0 = Release|Any CPU
		{9B66E1B2-7416-4858-B68A-6763A4C64279}.Debug|Any CPU.ActiveCfg = Debug|Any CPU
		{9B66E1B2-7416-4858-B68A-6763A4C64279}.Debug|Any CPU.Build.0 = Debug|Any CPU
		{9B66E1B2-7416-4858-B68A-6763A4C64279}.Release|Any CPU.ActiveCfg = Release|Any CPU
		{9B66E1B2-7416-4858-B68A-6763A4C64279}.Release|Any CPU.Build.0 = Release|Any CPU
		{04A34488-6295-4CAD-9F51-7E69F5833A95}.Debug|Any CPU.ActiveCfg = Debug|Any CPU
		{04A34488-6295-4CAD-9F51-7E69F5833A95}.Debug|Any CPU.Build.0 = Debug|Any CPU
		{04A34488-6295-4CAD-9F51-7E69F5833A95}.Release|Any CPU.ActiveCfg = Release|Any CPU
		{04A34488-6295-4CAD-9F51-7E69F5833A95}.Release|Any CPU.Build.0 = Release|Any CPU
		{94B50DA1-E3DA-44AA-A866-CD98956C98F7}.Debug|Any CPU.ActiveCfg = Debug|Any CPU
		{94B50DA1-E3DA-44AA-A866-CD98956C98F7}.Debug|Any CPU.Build.0 = Debug|Any CPU
		{94B50DA1-E3DA-44AA-A866-CD98956C98F7}.Release|Any CPU.ActiveCfg = Release|Any CPU
		{94B50DA1-E3DA-44AA-A866-CD98956C98F7}.Release|Any CPU.Build.0 = Release|Any CPU
	EndGlobalSection
	GlobalSection(SolutionProperties) = preSolution
		HideSolutionNode = FALSE
	EndGlobalSection
	GlobalSection(NestedProjects) = preSolution
		{C45FDC33-7E71-46A6-96B7-E949B01AD73E} = {71417D4D-4455-47E2-874A-B3B835AF46CA}
		{01635DED-9DD8-4763-A447-727319B2CF36} = {71417D4D-4455-47E2-874A-B3B835AF46CA}
		{7FAAF47E-037F-4B0C-8600-0AD6B3DC77D9} = {71417D4D-4455-47E2-874A-B3B835AF46CA}
		{9B66E1B2-7416-4858-B68A-6763A4C64279} = {71417D4D-4455-47E2-874A-B3B835AF46CA}
		{04A34488-6295-4CAD-9F51-7E69F5833A95} = {917D8146-26E4-4E77-8211-4D76A23ABA7C}
		{94B50DA1-E3DA-44AA-A866-CD98956C98F7} = {917D8146-26E4-4E77-8211-4D76A23ABA7C}
	EndGlobalSection
	GlobalSection(ExtensibilityGlobals) = postSolution
		SolutionGuid = {628063C2-8D1C-46C8-A506-8760464EB763}
	EndGlobalSection
EndGlobal
